<?xml version="1.0" encoding="utf-8"?>
<Project ToolsVersion="4.0" xmlns="http://schemas.microsoft.com/developer/msbuild/2003">
  <ItemGroup>
    <Filter Include="Source Files">
      <UniqueIdentifier>{4FC737F1-C7A5-4376-A066-2A32D752A2FF}</UniqueIdentifier>
      <Extensions>cpp;c;cc;cxx;def;odl;idl;hpj;bat;asm;asmx</Extensions>
    </Filter>
    <Filter Include="Header Files">
      <UniqueIdentifier>{93995380-89BD-4b04-88EB-625FBE52EBFB}</UniqueIdentifier>
      <Extensions>h;hh;hpp;hxx;hm;inl;inc;xsd</Extensions>
    </Filter>
    <Filter Include="Resource Files">
      <UniqueIdentifier>{67DA6AB6-F800-4c08-8B7A-83BB121AAD01}</UniqueIdentifier>
      <Extensions>rc;ico;cur;bmp;dlg;rc2;rct;bin;rgs;gif;jpg;jpeg;jpe;resx;tiff;tif;png;wav;mfcribbon-ms</Extensions>
    </Filter>
  </ItemGroup>
  <ItemGroup>
    <ClInclude Include="Spout.h">
      <Filter>Header Files</Filter>
    </ClInclude>
    <ClInclude Include="SpoutCommon.h">
      <Filter>Header Files</Filter>
    </ClInclude>
    <ClInclude Include="SpoutCopy.h">
      <Filter>Header Files</Filter>
    </ClInclude>
    <ClInclude Include="SpoutDirectX.h">
      <Filter>Header Files</Filter>
    </ClInclude>
    <ClInclude Include="SpoutGLDXinterop.h">
      <Filter>Header Files</Filter>
    </ClInclude>
    <ClInclude Include="SpoutGLextensions.h">
      <Filter>Header Files</Filter>
    </ClInclude>
    <ClInclude Include="SpoutMemoryShare.h">
      <Filter>Header Files</Filter>
    </ClInclude>
    <ClInclude Include="SpoutReceiver.h">
      <Filter>Header Files</Filter>
    </ClInclude>
    <ClInclude Include="SpoutSDK.h">
      <Filter>Header Files</Filter>
    </ClInclude>
    <ClInclude Include="SpoutSender.h">
      <Filter>Header Files</Filter>
    </ClInclude>
    <ClInclude Include="SpoutSenderMemory.h">
      <Filter>Header Files</Filter>
    </ClInclude>
    <ClInclude Include="SpoutSenderNames.h">
      <Filter>Header Files</Filter>
    </ClInclude>
    <ClInclude Include="SpoutSharedMemory.h">
      <Filter>Header Files</Filter>
    </ClInclude>
  </ItemGroup>
  <ItemGroup>
    <ClCompile Include="Spout.cpp">
      <Filter>Source Files</Filter>
    </ClCompile>
    <ClCompile Include="SpoutCopy.cpp">
      <Filter>Source Files</Filter>
    </ClCompile>
    <ClCompile Include="SpoutDirectX.cpp">
      <Filter>Source Files</Filter>
    </ClCompile>
    <ClCompile Include="SpoutGLDXinterop.cpp">
      <Filter>Source Files</Filter>
    </ClCompile>
    <ClCompile Include="SpoutGLextensions.cpp">
      <Filter>Source Files</Filter>
    </ClCompile>
    <ClCompile Include="SpoutMemoryShare.cpp">
      <Filter>Source Files</Filter>
    </ClCompile>
    <ClCompile Include="SpoutReceiver.cpp">
      <Filter>Source Files</Filter>
    </ClCompile>
    <ClCompile Include="SpoutSDK.cpp">
      <Filter>Source Files</Filter>
    </ClCompile>
    <ClCompile Include="SpoutSender.cpp">
      <Filter>Source Files</Filter>
    </ClCompile>
    <ClCompile Include="SpoutSenderMemory.cpp">
      <Filter>Source Files</Filter>
    </ClCompile>
    <ClCompile Include="SpoutSenderNames.cpp">
      <Filter>Source Files</Filter>
    </ClCompile>
    <ClCompile Include="SpoutSharedMemory.cpp">
      <Filter>Source Files</Filter>
    </ClCompile>
  </ItemGroup>
</Project>